
Microsoft Visual Studio Solution File, Format Version 12.00
# Visual Studio Version 17
VisualStudioVersion = 17.10.35027.167
MinimumVisualStudioVersion = 10.0.40219.1
Project("{FAE04EC0-301F-11D3-BF4B-00C04F79EFBC}") = "Singleton", "DemoDesignPatterns\Singleton.csproj", "{6046DA63-7857-4FF2-A1E6-8AA7CE0C91FA}"
EndProject
Project("{FAE04EC0-301F-11D3-BF4B-00C04F79EFBC}") = "Adapter", "Adapter\Adapter.csproj", "{81EC970D-008B-4550-B8FA-1344E4FBC98E}"
EndProject
Project("{FAE04EC0-301F-11D3-BF4B-00C04F79EFBC}") = "Bridge", "Bridge\Bridge.csproj", "{CC9F3E44-A024-4CC4-853B-3B1877A23CDE}"
EndProject
Project("{FAE04EC0-301F-11D3-BF4B-00C04F79EFBC}") = "Composite", "Composite\Composite.csproj", "{3B8CAF0F-FE72-4467-B18C-12F8E67246FA}"
EndProject
Project("{FAE04EC0-301F-11D3-BF4B-00C04F79EFBC}") = "Decorator", "Decorator\Decorator.csproj", "{68EC2389-F2AB-413A-BADD-907630918FEF}"
EndProject
Global
	GlobalSection(SolutionConfigurationPlatforms) = preSolution
		Debug|Any CPU = Debug|Any CPU
		Release|Any CPU = Release|Any CPU
	EndGlobalSection
	GlobalSection(ProjectConfigurationPlatforms) = postSolution
		{6046DA63-7857-4FF2-A1E6-8AA7CE0C91FA}.Debug|Any CPU.ActiveCfg = Debug|Any CPU
		{6046DA63-7857-4FF2-A1E6-8AA7CE0C91FA}.Debug|Any CPU.Build.0 = Debug|Any CPU
		{6046DA63-7857-4FF2-A1E6-8AA7CE0C91FA}.Release|Any CPU.ActiveCfg = Release|Any CPU
		{6046DA63-7857-4FF2-A1E6-8AA7CE0C91FA}.Release|Any CPU.Build.0 = Release|Any CPU
		{81EC970D-008B-4550-B8FA-1344E4FBC98E}.Debug|Any CPU.ActiveCfg = Debug|Any CPU
		{81EC970D-008B-4550-B8FA-1344E4FBC98E}.Debug|Any CPU.Build.0 = Debug|Any CPU
		{81EC970D-008B-4550-B8FA-1344E4FBC98E}.Release|Any CPU.ActiveCfg = Release|Any CPU
		{81EC970D-008B-4550-B8FA-1344E4FBC98E}.Release|Any CPU.Build.0 = Release|Any CPU
		{CC9F3E44-A024-4CC4-853B-3B1877A23CDE}.Debug|Any CPU.ActiveCfg = Debug|Any CPU
		{CC9F3E44-A024-4CC4-853B-3B1877A23CDE}.Debug|Any CPU.Build.0 = Debug|Any CPU
		{CC9F3E44-A024-4CC4-853B-3B1877A23CDE}.Release|Any CPU.ActiveCfg = Release|Any CPU
		{CC9F3E44-A024-4CC4-853B-3B1877A23CDE}.Release|Any CPU.Build.0 = Release|Any CPU
		{3B8CAF0F-FE72-4467-B18C-12F8E67246FA}.Debug|Any CPU.ActiveCfg = Debug|Any CPU
		{3B8CAF0F-FE72-4467-B18C-12F8E67246FA}.Debug|Any CPU.Build.0 = Debug|Any CPU
		{3B8CAF0F-FE72-4467-B18C-12F8E67246FA}.Release|Any CPU.ActiveCfg = Release|Any CPU
		{3B8CAF0F-FE72-4467-B18C-12F8E67246FA}.Release|Any CPU.Build.0 = Release|Any CPU
		{68EC2389-F2AB-413A-BADD-907630918FEF}.Debug|Any CPU.ActiveCfg = Debug|Any CPU
		{68EC2389-F2AB-413A-BADD-907630918FEF}.Debug|Any CPU.Build.0 = Debug|Any CPU
		{68EC2389-F2AB-413A-BADD-907630918FEF}.Release|Any CPU.ActiveCfg = Release|Any CPU
		{68EC2389-F2AB-413A-BADD-907630918FEF}.Release|Any CPU.Build.0 = Release|Any CPU
	EndGlobalSection
	GlobalSection(SolutionProperties) = preSolution
		HideSolutionNode = FALSE
	EndGlobalSection
	GlobalSection(ExtensibilityGlobals) = postSolution
		SolutionGuid = {F7B2A272-CBB9-429D-91DA-E83F27F26B51}
	EndGlobalSection
EndGlobal
